
Microsoft Visual Studio Solution File, Format Version 12.00
# Visual Studio Version 17
VisualStudioVersion = 17.0.31903.59
MinimumVisualStudioVersion = 10.0.40219.1
Project("{2150E333-8FDC-42A3-9474-1A3956D46DE8}") = "src", "src", "{540512B1-7151-4C3C-B18E-DB2818015550}"
EndProject
Project("{9A19103F-16F7-4668-BE54-9A1E7A4F7556}") = "Aiursoft.IPMIController", "src\Aiursoft.IPMIController\Aiursoft.IPMIController.csproj", "{EBE5D8E3-6C81-42F0-B846-7BF0DE7F1F1A}"
EndProject
Global
	GlobalSection(SolutionConfigurationPlatforms) = preSolution
		Debug|Any CPU = Debug|Any CPU
		Release|Any CPU = Release|Any CPU
	EndGlobalSection
	GlobalSection(ProjectConfigurationPlatforms) = postSolution
		{EBE5D8E3-6C81-42F0-B846-7BF0DE7F1F1A}.Debug|Any CPU.ActiveCfg = Debug|Any CPU
		{EBE5D8E3-6C81-42F0-B846-7BF0DE7F1F1A}.Debug|Any CPU.Build.0 = Debug|Any CPU
		{EBE5D8E3-6C81-42F0-B846-7BF0DE7F1F1A}.Release|Any CPU.ActiveCfg = Release|Any CPU
		{EBE5D8E3-6C81-42F0-B846-7BF0DE7F1F1A}.Release|Any CPU.Build.0 = Release|Any CPU
	EndGlobalSection
	GlobalSection(SolutionProperties) = preSolution
		HideSolutionNode = FALSE
	EndGlobalSection
	GlobalSection(NestedProjects) = preSolution
		{EBE5D8E3-6C81-42F0-B846-7BF0DE7F1F1A} = {540512B1-7151-4C3C-B18E-DB2818015550}
	EndGlobalSection
EndGlobal
